
Microsoft Visual Studio Solution File, Format Version 12.00
# Visual Studio Version 16
VisualStudioVersion = 16.0.30523.141
MinimumVisualStudioVersion = 10.0.40219.1
Project("{FAE04EC0-301F-11D3-BF4B-00C04F79EFBC}") = "Uksbs.Connect.AutomatedTests", "Uksbs.Connect.AutomatedTests\Uksbs.Connect.AutomatedTests.csproj", "{2F6D7301-C305-4496-BA48-783CCFA1B1A9}"
EndProject
Global
	GlobalSection(SolutionConfigurationPlatforms) = preSolution
		Debug|Any CPU = Debug|Any CPU
		Release|Any CPU = Release|Any CPU
	EndGlobalSection
	GlobalSection(ProjectConfigurationPlatforms) = postSolution
		{2F6D7301-C305-4496-BA48-783CCFA1B1A9}.Debug|Any CPU.ActiveCfg = Debug|Any CPU
		{2F6D7301-C305-4496-BA48-783CCFA1B1A9}.Debug|Any CPU.Build.0 = Debug|Any CPU
		{2F6D7301-C305-4496-BA48-783CCFA1B1A9}.Release|Any CPU.ActiveCfg = Release|Any CPU
		{2F6D7301-C305-4496-BA48-783CCFA1B1A9}.Release|Any CPU.Build.0 = Release|Any CPU
	EndGlobalSection
	GlobalSection(SolutionProperties) = preSolution
		HideSolutionNode = FALSE
	EndGlobalSection
	GlobalSection(ExtensibilityGlobals) = postSolution
		SolutionGuid = {E0FEB9AB-3AD4-42CA-82F8-7BCEB3CAC21A}
	EndGlobalSection
EndGlobal
